
Microsoft Visual Studio Solution File, Format Version 12.00
# Visual Studio Version 16
VisualStudioVersion = 16.0.31205.134
MinimumVisualStudioVersion = 10.0.40219.1
Project("{FAE04EC0-301F-11D3-BF4B-00C04F79EFBC}") = "NetMarket.WebApi", "NetMarket.WebApi\NetMarket.WebApi.csproj", "{19D9CABB-ACCD-43BE-91FA-A5EA9075C210}"
EndProject
Project("{FAE04EC0-301F-11D3-BF4B-00C04F79EFBC}") = "NetMarket.BusinessLogic", "NetMarket.BusinessLogic\NetMarket.BusinessLogic.csproj", "{F0FC393A-5149-4477-9E62-CB716B7C2657}"
EndProject
Project("{FAE04EC0-301F-11D3-BF4B-00C04F79EFBC}") = "NetMarket.Core", "NetMarket.Core\NetMarket.Core.csproj", "{C454B1A2-3DA1-4491-B79E-DB35A4491B08}"
EndProject
Global
	GlobalSection(SolutionConfigurationPlatforms) = preSolution
		Debug|Any CPU = Debug|Any CPU
		Release|Any CPU = Release|Any CPU
	EndGlobalSection
	GlobalSection(ProjectConfigurationPlatforms) = postSolution
		{19D9CABB-ACCD-43BE-91FA-A5EA9075C210}.Debug|Any CPU.ActiveCfg = Debug|Any CPU
		{19D9CABB-ACCD-43BE-91FA-A5EA9075C210}.Debug|Any CPU.Build.0 = Debug|Any CPU
		{19D9CABB-ACCD-43BE-91FA-A5EA9075C210}.Release|Any CPU.ActiveCfg = Release|Any CPU
		{19D9CABB-ACCD-43BE-91FA-A5EA9075C210}.Release|Any CPU.Build.0 = Release|Any CPU
		{F0FC393A-5149-4477-9E62-CB716B7C2657}.Debug|Any CPU.ActiveCfg = Debug|Any CPU
		{F0FC393A-5149-4477-9E62-CB716B7C2657}.Debug|Any CPU.Build.0 = Debug|Any CPU
		{F0FC393A-5149-4477-9E62-CB716B7C2657}.Release|Any CPU.ActiveCfg = Release|Any CPU
		{F0FC393A-5149-4477-9E62-CB716B7C2657}.Release|Any CPU.Build.0 = Release|Any CPU
		{C454B1A2-3DA1-4491-B79E-DB35A4491B08}.Debug|Any CPU.ActiveCfg = Debug|Any CPU
		{C454B1A2-3DA1-4491-B79E-DB35A4491B08}.Debug|Any CPU.Build.0 = Debug|Any CPU
		{C454B1A2-3DA1-4491-B79E-DB35A4491B08}.Release|Any CPU.ActiveCfg = Release|Any CPU
		{C454B1A2-3DA1-4491-B79E-DB35A4491B08}.Release|Any CPU.Build.0 = Release|Any CPU
	EndGlobalSection
	GlobalSection(SolutionProperties) = preSolution
		HideSolutionNode = FALSE
	EndGlobalSection
	GlobalSection(ExtensibilityGlobals) = postSolution
		SolutionGuid = {31B7AD99-0D99-4A24-B7F6-E2FB5BC7A673}
	EndGlobalSection
EndGlobal
